{
  "name": "language-chialisp",
  "version": "1.0.0",
  "lockfileVersion": 1,
  "requires": true,
  "dependencies": {
    "nan": {
      "version": "2.14.2",
      "resolved": "https://registry.npmjs.org/nan/-/nan-2.14.2.tgz",
      "integrity": "sha512-M2ufzIiINKCuDfBSAUr1vWQ+vuVcA9kqx8JJUsbQi6yf1uGRyb7HfpdfUr5qLXf3B/t8dPvcjhKMmlfnP47EzQ=="
    },
    "tree-sitter-chialisp": {
      "version": "1.0.3",
      "resolved": "https://registry.npmjs.org/tree-sitter-chialisp/-/tree-sitter-chialisp-1.0.3.tgz",
      "integrity": "sha512-Wfu2HGwdFVdXcNb0FlGkOyQSib1ag8eXYlYMKeahtsXERzQvnBxXAK0nM91D3l00IVMvEU8k5EWR6BSrgsAnYQ==",
      "requires": {
        "nan": "^2.14.2"
      }
    }
  }
}
